// !$*UTF8*$!
{
	archiveVersion = 1;
	classes = {
	};
	objectVersion = 50;
	objects = {

/* Begin PBXBuildFile section */
		DD28591B23786F2B008A8184 /* AppDelegate.swift in Sources */ = {isa = PBXBuildFile; fileRef = DD28591A23786F2B008A8184 /* AppDelegate.swift */; };
		DD28591F23786F2B008A8184 /* CompaniesController.swift in Sources */ = {isa = PBXBuildFile; fileRef = DD28591E23786F2B008A8184 /* CompaniesController.swift */; };
		DD28592223786F2B008A8184 /* Main.storyboard in Resources */ = {isa = PBXBuildFile; fileRef = DD28592023786F2B008A8184 /* Main.storyboard */; };
		DD28592423786F2D008A8184 /* Assets.xcassets in Resources */ = {isa = PBXBuildFile; fileRef = DD28592323786F2D008A8184 /* Assets.xcassets */; };
		DD28592723786F2D008A8184 /* LaunchScreen.storyboard in Resources */ = {isa = PBXBuildFile; fileRef = DD28592523786F2D008A8184 /* LaunchScreen.storyboard */; };
		DD28592F23787A6B008A8184 /* UIColor+theme.swift in Sources */ = {isa = PBXBuildFile; fileRef = DD28592E23787A6B008A8184 /* UIColor+theme.swift */; };
		DD28593123789A24008A8184 /* CustomNavigation.swift in Sources */ = {isa = PBXBuildFile; fileRef = DD28593023789A24008A8184 /* CustomNavigation.swift */; };
		DD2859392379D31C008A8184 /* CreateCompanyController.swift in Sources */ = {isa = PBXBuildFile; fileRef = DD2859382379D31C008A8184 /* CreateCompanyController.swift */; };
		DD28593B2379D5EE008A8184 /* UIViewController+NavigationStyle.swift in Sources */ = {isa = PBXBuildFile; fileRef = DD28593A2379D5EE008A8184 /* UIViewController+NavigationStyle.swift */; };
		DD28593E237A0507008A8184 /* CompanyModel.xcdatamodeld in Sources */ = {isa = PBXBuildFile; fileRef = DD28593C237A0507008A8184 /* CompanyModel.xcdatamodeld */; };
		DD285940237A0E79008A8184 /* CoreDataManager.swift in Sources */ = {isa = PBXBuildFile; fileRef = DD28593F237A0E79008A8184 /* CoreDataManager.swift */; };
		DD47F6C3237D8FA1008C331D /* CompanyCell.swift in Sources */ = {isa = PBXBuildFile; fileRef = DD47F6C2237D8FA1008C331D /* CompanyCell.swift */; };
		DD47F6C5237DA47B008C331D /* CompaniesController+CreateCompany.swift in Sources */ = {isa = PBXBuildFile; fileRef = DD47F6C4237DA47B008C331D /* CompaniesController+CreateCompany.swift */; };
		DD47F6C7237DA589008C331D /* CompaniesController+UITableView.swift in Sources */ = {isa = PBXBuildFile; fileRef = DD47F6C6237DA589008C331D /* CompaniesController+UITableView.swift */; };
		DD47F6CB237DCE35008C331D /* EmployeesController.swift in Sources */ = {isa = PBXBuildFile; fileRef = DD47F6CA237DCE35008C331D /* EmployeesController.swift */; };
		DD47F6CD237DD13F008C331D /* UIViewController+Helpers.swift in Sources */ = {isa = PBXBuildFile; fileRef = DD47F6CC237DD13F008C331D /* UIViewController+Helpers.swift */; };
		DD47F6D0237DD365008C331D /* CreateEmployeeController.swift in Sources */ = {isa = PBXBuildFile; fileRef = DD47F6CF237DD365008C331D /* CreateEmployeeController.swift */; };
		DD47F6D2237DD8FA008C331D /* CreateCompanyController+UIImagePicker.swift in Sources */ = {isa = PBXBuildFile; fileRef = DD47F6D1237DD8FA008C331D /* CreateCompanyController+UIImagePicker.swift */; };
		DD53FAC5238088BC007D89C8 /* IndentedLabel.swift in Sources */ = {isa = PBXBuildFile; fileRef = DD53FAC4238088BC007D89C8 /* IndentedLabel.swift */; };
		DD53FAC72380D4AB007D89C8 /* EmployeeType.swift in Sources */ = {isa = PBXBuildFile; fileRef = DD53FAC62380D4AB007D89C8 /* EmployeeType.swift */; };
		DDE4A578238825680020828C /* CompaniesAutoUpdateController.swift in Sources */ = {isa = PBXBuildFile; fileRef = DDE4A577238825680020828C /* CompaniesAutoUpdateController.swift */; };
/* End PBXBuildFile section */

/* Begin PBXFileReference section */
		DD28591723786F2B008A8184 /* CompanyDatabase.app */ = {isa = PBXFileReference; explicitFileType = wrapper.application; includeInIndex = 0; path = CompanyDatabase.app; sourceTree = BUILT_PRODUCTS_DIR; };
		DD28591A23786F2B008A8184 /* AppDelegate.swift */ = {isa = PBXFileReference; lastKnownFileType = sourcecode.swift; path = AppDelegate.swift; sourceTree = "<group>"; };
		DD28591E23786F2B008A8184 /* CompaniesController.swift */ = {isa = PBXFileReference; lastKnownFileType = sourcecode.swift; path = CompaniesController.swift; sourceTree = "<group>"; };
		DD28592123786F2B008A8184 /* Base */ = {isa = PBXFileReference; lastKnownFileType = file.storyboard; name = Base; path = Base.lproj/Main.storyboard; sourceTree = "<group>"; };
		DD28592323786F2D008A8184 /* Assets.xcassets */ = {isa = PBXFileReference; lastKnownFileType = folder.assetcatalog; path = Assets.xcassets; sourceTree = "<group>"; };
		DD28592623786F2D008A8184 /* Base */ = {isa = PBXFileReference; lastKnownFileType = file.storyboard; name = Base; path = Base.lproj/LaunchScreen.storyboard; sourceTree = "<group>"; };
		DD28592823786F2D008A8184 /* Info.plist */ = {isa = PBXFileReference; lastKnownFileType = text.plist.xml; path = Info.plist; sourceTree = "<group>"; };
		DD28592E23787A6B008A8184 /* UIColor+theme.swift */ = {isa = PBXFileReference; lastKnownFileType = sourcecode.swift; path = "UIColor+theme.swift"; sourceTree = "<group>"; };
		DD28593023789A24008A8184 /* CustomNavigation.swift */ = {isa = PBXFileReference; lastKnownFileType = sourcecode.swift; path = CustomNavigation.swift; sourceTree = "<group>"; };
		DD2859382379D31C008A8184 /* CreateCompanyController.swift */ = {isa = PBXFileReference; lastKnownFileType = sourcecode.swift; path = CreateCompanyController.swift; sourceTree = "<group>"; };
		DD28593A2379D5EE008A8184 /* UIViewController+NavigationStyle.swift */ = {isa = PBXFileReference; lastKnownFileType = sourcecode.swift; path = "UIViewController+NavigationStyle.swift"; sourceTree = "<group>"; };
		DD28593D237A0507008A8184 /* CompanyModel.xcdatamodel */ = {isa = PBXFileReference; lastKnownFileType = wrapper.xcdatamodel; path = CompanyModel.xcdatamodel; sourceTree = "<group>"; };
		DD28593F237A0E79008A8184 /* CoreDataManager.swift */ = {isa = PBXFileReference; lastKnownFileType = sourcecode.swift; path = CoreDataManager.swift; sourceTree = "<group>"; };
		DD47F6C2237D8FA1008C331D /* CompanyCell.swift */ = {isa = PBXFileReference; lastKnownFileType = sourcecode.swift; path = CompanyCell.swift; sourceTree = "<group>"; };
		DD47F6C4237DA47B008C331D /* CompaniesController+CreateCompany.swift */ = {isa = PBXFileReference; lastKnownFileType = sourcecode.swift; path = "CompaniesController+CreateCompany.swift"; sourceTree = "<group>"; };
		DD47F6C6237DA589008C331D /* CompaniesController+UITableView.swift */ = {isa = PBXFileReference; lastKnownFileType = sourcecode.swift; path = "CompaniesController+UITableView.swift"; sourceTree = "<group>"; };
		DD47F6CA237DCE35008C331D /* EmployeesController.swift */ = {isa = PBXFileReference; lastKnownFileType = sourcecode.swift; path = EmployeesController.swift; sourceTree = "<group>"; };
		DD47F6CC237DD13F008C331D /* UIViewController+Helpers.swift */ = {isa = PBXFileReference; lastKnownFileType = sourcecode.swift; path = "UIViewController+Helpers.swift"; sourceTree = "<group>"; };
		DD47F6CF237DD365008C331D /* CreateEmployeeController.swift */ = {isa = PBXFileReference; lastKnownFileType = sourcecode.swift; path = CreateEmployeeController.swift; sourceTree = "<group>"; };
		DD47F6D1237DD8FA008C331D /* CreateCompanyController+UIImagePicker.swift */ = {isa = PBXFileReference; lastKnownFileType = sourcecode.swift; path = "CreateCompanyController+UIImagePicker.swift"; sourceTree = "<group>"; };
		DD53FAC4238088BC007D89C8 /* IndentedLabel.swift */ = {isa = PBXFileReference; lastKnownFileType = sourcecode.swift; path = IndentedLabel.swift; sourceTree = "<group>"; };
		DD53FAC62380D4AB007D89C8 /* EmployeeType.swift */ = {isa = PBXFileReference; lastKnownFileType = sourcecode.swift; path = EmployeeType.swift; sourceTree = "<group>"; };
		DDE4A577238825680020828C /* CompaniesAutoUpdateController.swift */ = {isa = PBXFileReference; lastKnownFileType = sourcecode.swift; path = CompaniesAutoUpdateController.swift; sourceTree = "<group>"; };
/* End PBXFileReference section */

/* Begin PBXFrameworksBuildPhase section */
		DD28591423786F2B008A8184 /* Frameworks */ = {
			isa = PBXFrameworksBuildPhase;
			buildActionMask = 2147483647;
			files = (
			);
			runOnlyForDeploymentPostprocessing = 0;
		};
/* End PBXFrameworksBuildPhase section */

/* Begin PBXGroup section */
		DD28590E23786F2B008A8184 = {
			isa = PBXGroup;
			children = (
				DD28591923786F2B008A8184 /* CompanyDatabase */,
				DD28591823786F2B008A8184 /* Products */,
			);
			sourceTree = "<group>";
		};
		DD28591823786F2B008A8184 /* Products */ = {
			isa = PBXGroup;
			children = (
				DD28591723786F2B008A8184 /* CompanyDatabase.app */,
			);
			name = Products;
			sourceTree = "<group>";
		};
		DD28591923786F2B008A8184 /* CompanyDatabase */ = {
			isa = PBXGroup;
			children = (
				DD2859372379CF0E008A8184 /* Controller */,
				DD2859362379CF08008A8184 /* View */,
				DD2859352379CF01008A8184 /* Model */,
				DD2859322379C7E6008A8184 /* Helpers */,
				DD28592023786F2B008A8184 /* Main.storyboard */,
				DD28592323786F2D008A8184 /* Assets.xcassets */,
				DD28592523786F2D008A8184 /* LaunchScreen.storyboard */,
				DD28592823786F2D008A8184 /* Info.plist */,
			);
			path = CompanyDatabase;
			sourceTree = "<group>";
		};
		DD2859322379C7E6008A8184 /* Helpers */ = {
			isa = PBXGroup;
			children = (
				DD28593A2379D5EE008A8184 /* UIViewController+NavigationStyle.swift */,
				DD28591A23786F2B008A8184 /* AppDelegate.swift */,
				DD28592E23787A6B008A8184 /* UIColor+theme.swift */,
				DD47F6CC237DD13F008C331D /* UIViewController+Helpers.swift */,
				DD53FAC4238088BC007D89C8 /* IndentedLabel.swift */,
			);
			path = Helpers;
			sourceTree = "<group>";
		};
		DD2859352379CF01008A8184 /* Model */ = {
			isa = PBXGroup;
			children = (
				DD28593C237A0507008A8184 /* CompanyModel.xcdatamodeld */,
				DD28593F237A0E79008A8184 /* CoreDataManager.swift */,
				DD53FAC62380D4AB007D89C8 /* EmployeeType.swift */,
			);
			path = Model;
			sourceTree = "<group>";
		};
		DD2859362379CF08008A8184 /* View */ = {
			isa = PBXGroup;
			children = (
				DD47F6C2237D8FA1008C331D /* CompanyCell.swift */,
			);
			path = View;
			sourceTree = "<group>";
		};
		DD2859372379CF0E008A8184 /* Controller */ = {
			isa = PBXGroup;
			children = (
				DD47F6CE237DD34C008C331D /* Employees */,
				DD47F6C8237DA907008C331D /* Companies */,
				DDE4A577238825680020828C /* CompaniesAutoUpdateController.swift */,
			);
			path = Controller;
			sourceTree = "<group>";
		};
		DD47F6C8237DA907008C331D /* Companies */ = {
			isa = PBXGroup;
			children = (
				DD47F6C9237DCDEF008C331D /* CreateCompanies */,
				DD28593023789A24008A8184 /* CustomNavigation.swift */,
				DD47F6C6237DA589008C331D /* CompaniesController+UITableView.swift */,
				DD47F6C4237DA47B008C331D /* CompaniesController+CreateCompany.swift */,
				DD28591E23786F2B008A8184 /* CompaniesController.swift */,
			);
			path = Companies;
			sourceTree = "<group>";
		};
		DD47F6C9237DCDEF008C331D /* CreateCompanies */ = {
			isa = PBXGroup;
			children = (
				DD2859382379D31C008A8184 /* CreateCompanyController.swift */,
				DD47F6D1237DD8FA008C331D /* CreateCompanyController+UIImagePicker.swift */,
			);
			path = CreateCompanies;
			sourceTree = "<group>";
		};
		DD47F6CE237DD34C008C331D /* Employees */ = {
			isa = PBXGroup;
			children = (
				DD47F6CA237DCE35008C331D /* EmployeesController.swift */,
				DD47F6CF237DD365008C331D /* CreateEmployeeController.swift */,
			);
			path = Employees;
			sourceTree = "<group>";
		};
/* End PBXGroup section */

/* Begin PBXNativeTarget section */
		DD28591623786F2B008A8184 /* CompanyDatabase */ = {
			isa = PBXNativeTarget;
			buildConfigurationList = DD28592B23786F2D008A8184 /* Build configuration list for PBXNativeTarget "CompanyDatabase" */;
			buildPhases = (
				DD28591323786F2B008A8184 /* Sources */,
				DD28591423786F2B008A8184 /* Frameworks */,
				DD28591523786F2B008A8184 /* Resources */,
			);
			buildRules = (
			);
			dependencies = (
			);
			name = CompanyDatabase;
			productName = CompanyDatabase;
			productReference = DD28591723786F2B008A8184 /* CompanyDatabase.app */;
			productType = "com.apple.product-type.application";
		};
/* End PBXNativeTarget section */

/* Begin PBXProject section */
		DD28590F23786F2B008A8184 /* Project object */ = {
			isa = PBXProject;
			attributes = {
				LastSwiftUpdateCheck = 1120;
				LastUpgradeCheck = 1120;
				ORGANIZATIONNAME = "Igor Tkach";
				TargetAttributes = {
					DD28591623786F2B008A8184 = {
						CreatedOnToolsVersion = 11.2;
					};
				};
			};
			buildConfigurationList = DD28591223786F2B008A8184 /* Build configuration list for PBXProject "CompanyDatabase" */;
			compatibilityVersion = "Xcode 9.3";
			developmentRegion = en;
			hasScannedForEncodings = 0;
			knownRegions = (
				en,
				Base,
			);
			mainGroup = DD28590E23786F2B008A8184;
			productRefGroup = DD28591823786F2B008A8184 /* Products */;
			projectDirPath = "";
			projectRoot = "";
			targets = (
				DD28591623786F2B008A8184 /* CompanyDatabase */,
			);
		};
/* End PBXProject section */

/* Begin PBXResourcesBuildPhase section */
		DD28591523786F2B008A8184 /* Resources */ = {
			isa = PBXResourcesBuildPhase;
			buildActionMask = 2147483647;
			files = (
				DD28592723786F2D008A8184 /* LaunchScreen.storyboard in Resources */,
				DD28592423786F2D008A8184 /* Assets.xcassets in Resources */,
				DD28592223786F2B008A8184 /* Main.storyboard in Resources */,
			);
			runOnlyForDeploymentPostprocessing = 0;
		};
/* End PBXResourcesBuildPhase section */

/* Begin PBXSourcesBuildPhase section */
		DD28591323786F2B008A8184 /* Sources */ = {
			isa = PBXSourcesBuildPhase;
			buildActionMask = 2147483647;
			files = (
				DD28591F23786F2B008A8184 /* CompaniesController.swift in Sources */,
				DD53FAC72380D4AB007D89C8 /* EmployeeType.swift in Sources */,
				DD47F6C7237DA589008C331D /* CompaniesController+UITableView.swift in Sources */,
				DD28593E237A0507008A8184 /* CompanyModel.xcdatamodeld in Sources */,
				DD28593123789A24008A8184 /* CustomNavigation.swift in Sources */,
				DDE4A578238825680020828C /* CompaniesAutoUpdateController.swift in Sources */,
				DD28592F23787A6B008A8184 /* UIColor+theme.swift in Sources */,
				DD53FAC5238088BC007D89C8 /* IndentedLabel.swift in Sources */,
				DD47F6C3237D8FA1008C331D /* CompanyCell.swift in Sources */,
				DD28593B2379D5EE008A8184 /* UIViewController+NavigationStyle.swift in Sources */,
				DD47F6D0237DD365008C331D /* CreateEmployeeController.swift in Sources */,
				DD47F6CD237DD13F008C331D /* UIViewController+Helpers.swift in Sources */,
				DD47F6CB237DCE35008C331D /* EmployeesController.swift in Sources */,
				DD47F6D2237DD8FA008C331D /* CreateCompanyController+UIImagePicker.swift in Sources */,
				DD285940237A0E79008A8184 /* CoreDataManager.swift in Sources */,
				DD28591B23786F2B008A8184 /* AppDelegate.swift in Sources */,
				DD2859392379D31C008A8184 /* CreateCompanyController.swift in Sources */,
				DD47F6C5237DA47B008C331D /* CompaniesController+CreateCompany.swift in Sources */,
			);
			runOnlyForDeploymentPostprocessing = 0;
		};
/* End PBXSourcesBuildPhase section */

/* Begin PBXVariantGroup section */
		DD28592023786F2B008A8184 /* Main.storyboard */ = {
			isa = PBXVariantGroup;
			children = (
				DD28592123786F2B008A8184 /* Base */,
			);
			name = Main.storyboard;
			sourceTree = "<group>";
		};
		DD28592523786F2D008A8184 /* LaunchScreen.storyboard */ = {
			isa = PBXVariantGroup;
			children = (
				DD28592623786F2D008A8184 /* Base */,
			);
			name = LaunchScreen.storyboard;
			sourceTree = "<group>";
		};
/* End PBXVariantGroup section */

/* Begin XCBuildConfiguration section */
		DD28592923786F2D008A8184 /* Debug */ = {
			isa = XCBuildConfiguration;
			buildSettings = {
				ALWAYS_SEARCH_USER_PATHS = NO;
				CLANG_ANALYZER_NONNULL = YES;
				CLANG_ANALYZER_NUMBER_OBJECT_CONVERSION = YES_AGGRESSIVE;
				CLANG_CXX_LANGUAGE_STANDARD = "gnu++14";
				CLANG_CXX_LIBRARY = "libc++";
				CLANG_ENABLE_MODULES = YES;
				CLANG_ENABLE_OBJC_ARC = YES;
				CLANG_ENABLE_OBJC_WEAK = YES;
				CLANG_WARN_BLOCK_CAPTURE_AUTORELEASING = YES;
				CLANG_WARN_BOOL_CONVERSION = YES;
				CLANG_WARN_COMMA = YES;
				CLANG_WARN_CONSTANT_CONVERSION = YES;
				CLANG_WARN_DEPRECATED_OBJC_IMPLEMENTATIONS = YES;
				CLANG_WARN_DIRECT_OBJC_ISA_USAGE = YES_ERROR;
				CLANG_WARN_DOCUMENTATION_COMMENTS = YES;
				CLANG_WARN_EMPTY_BODY = YES;
				CLANG_WARN_ENUM_CONVERSION = YES;
				CLANG_WARN_INFINITE_RECURSION = YES;
				CLANG_WARN_INT_CONVERSION = YES;
				CLANG_WARN_NON_LITERAL_NULL_CONVERSION = YES;
				CLANG_WARN_OBJC_IMPLICIT_RETAIN_SELF = YES;
				CLANG_WARN_OBJC_LITERAL_CONVERSION = YES;
				CLANG_WARN_OBJC_ROOT_CLASS = YES_ERROR;
				CLANG_WARN_RANGE_LOOP_ANALYSIS = YES;
				CLANG_WARN_STRICT_PROTOTYPES = YES;
				CLANG_WARN_SUSPICIOUS_MOVE = YES;
				CLANG_WARN_UNGUARDED_AVAILABILITY = YES_AGGRESSIVE;
				CLANG_WARN_UNREACHABLE_CODE = YES;
				CLANG_WARN__DUPLICATE_METHOD_MATCH = YES;
				COPY_PHASE_STRIP = NO;
				DEBUG_INFORMATION_FORMAT = dwarf;
				ENABLE_STRICT_OBJC_MSGSEND = YES;
				ENABLE_TESTABILITY = YES;
				GCC_C_LANGUAGE_STANDARD = gnu11;
				GCC_DYNAMIC_NO_PIC = NO;
				GCC_NO_COMMON_BLOCKS = YES;
				GCC_OPTIMIZATION_LEVEL = 0;
				GCC_PREPROCESSOR_DEFINITIONS = (
					"DEBUG=1",
					"$(inherited)",
				);
				GCC_WARN_64_TO_32_BIT_CONVERSION = YES;
				GCC_WARN_ABOUT_RETURN_TYPE = YES_ERROR;
				GCC_WARN_UNDECLARED_SELECTOR = YES;
				GCC_WARN_UNINITIALIZED_AUTOS = YES_AGGRESSIVE;
				GCC_WARN_UNUSED_FUNCTION = YES;
				GCC_WARN_UNUSED_VARIABLE = YES;
				IPHONEOS_DEPLOYMENT_TARGET = 13.2;
				MTL_ENABLE_DEBUG_INFO = INCLUDE_SOURCE;
				MTL_FAST_MATH = YES;
				ONLY_ACTIVE_ARCH = YES;
				SDKROOT = iphoneos;
				SWIFT_ACTIVE_COMPILATION_CONDITIONS = DEBUG;
				SWIFT_OPTIMIZATION_LEVEL = "-Onone";
			};
			name = Debug;
		};
		DD28592A23786F2D008A8184 /* Release */ = {
			isa = XCBuildConfiguration;
			buildSettings = {
				ALWAYS_SEARCH_USER_PATHS = NO;
				CLANG_ANALYZER_NONNULL = YES;
				CLANG_ANALYZER_NUMBER_OBJECT_CONVERSION = YES_AGGRESSIVE;
				CLANG_CXX_LANGUAGE_STANDARD = "gnu++14";
				CLANG_CXX_LIBRARY = "libc++";
				CLANG_ENABLE_MODULES = YES;
				CLANG_ENABLE_OBJC_ARC = YES;
				CLANG_ENABLE_OBJC_WEAK = YES;
				CLANG_WARN_BLOCK_CAPTURE_AUTORELEASING = YES;
				CLANG_WARN_BOOL_CONVERSION = YES;
				CLANG_WARN_COMMA = YES;
				CLANG_WARN_CONSTANT_CONVERSION = YES;
				CLANG_WARN_DEPRECATED_OBJC_IMPLEMENTATIONS = YES;
				CLANG_WARN_DIRECT_OBJC_ISA_USAGE = YES_ERROR;
				CLANG_WARN_DOCUMENTATION_COMMENTS = YES;
				CLANG_WARN_EMPTY_BODY = YES;
				CLANG_WARN_ENUM_CONVERSION = YES;
				CLANG_WARN_INFINITE_RECURSION = YES;
				CLANG_WARN_INT_CONVERSION = YES;
				CLANG_WARN_NON_LITERAL_NULL_CONVERSION = YES;
				CLANG_WARN_OBJC_IMPLICIT_RETAIN_SELF = YES;
				CLANG_WARN_OBJC_LITERAL_CONVERSION = YES;
				CLANG_WARN_OBJC_ROOT_CLASS = YES_ERROR;
				CLANG_WARN_RANGE_LOOP_ANALYSIS = YES;
				CLANG_WARN_STRICT_PROTOTYPES = YES;
				CLANG_WARN_SUSPICIOUS_MOVE = YES;
				CLANG_WARN_UNGUARDED_AVAILABILITY = YES_AGGRESSIVE;
				CLANG_WARN_UNREACHABLE_CODE = YES;
				CLANG_WARN__DUPLICATE_METHOD_MATCH = YES;
				COPY_PHASE_STRIP = NO;
				DEBUG_INFORMATION_FORMAT = "dwarf-with-dsym";
				ENABLE_NS_ASSERTIONS = NO;
				ENABLE_STRICT_OBJC_MSGSEND = YES;
				GCC_C_LANGUAGE_STANDARD = gnu11;
				GCC_NO_COMMON_BLOCKS = YES;
				GCC_WARN_64_TO_32_BIT_CONVERSION = YES;
				GCC_WARN_ABOUT_RETURN_TYPE = YES_ERROR;
				GCC_WARN_UNDECLARED_SELECTOR = YES;
				GCC_WARN_UNINITIALIZED_AUTOS = YES_AGGRESSIVE;
				GCC_WARN_UNUSED_FUNCTION = YES;
				GCC_WARN_UNUSED_VARIABLE = YES;
				IPHONEOS_DEPLOYMENT_TARGET = 13.2;
				MTL_ENABLE_DEBUG_INFO = NO;
				MTL_FAST_MATH = YES;
				SDKROOT = iphoneos;
				SWIFT_COMPILATION_MODE = wholemodule;
				SWIFT_OPTIMIZATION_LEVEL = "-O";
				VALIDATE_PRODUCT = YES;
			};
			name = Release;
		};
		DD28592C23786F2D008A8184 /* Debug */ = {
			isa = XCBuildConfiguration;
			buildSettings = {
				ASSETCATALOG_COMPILER_APPICON_NAME = AppIcon;
				CODE_SIGN_STYLE = Automatic;
				DEVELOPMENT_TEAM = 6D6XU3X587;
				INFOPLIST_FILE = CompanyDatabase/Info.plist;
				LD_RUNPATH_SEARCH_PATHS = (
					"$(inherited)",
					"@executable_path/Frameworks",
				);
				PRODUCT_BUNDLE_IDENTIFIER = tkach.igor.CompanyDatabase;
				PRODUCT_NAME = "$(TARGET_NAME)";
				SWIFT_VERSION = 5.0;
				TARGETED_DEVICE_FAMILY = "1,2";
			};
			name = Debug;
		};
		DD28592D23786F2D008A8184 /* Release */ = {
			isa = XCBuildConfiguration;
			buildSettings = {
				ASSETCATALOG_COMPILER_APPICON_NAME = AppIcon;
				CODE_SIGN_STYLE = Automatic;
				DEVELOPMENT_TEAM = 6D6XU3X587;
				INFOPLIST_FILE = CompanyDatabase/Info.plist;
				LD_RUNPATH_SEARCH_PATHS = (
					"$(inherited)",
					"@executable_path/Frameworks",
				);
				PRODUCT_BUNDLE_IDENTIFIER = tkach.igor.CompanyDatabase;
				PRODUCT_NAME = "$(TARGET_NAME)";
				SWIFT_VERSION = 5.0;
				TARGETED_DEVICE_FAMILY = "1,2";
			};
			name = Release;
		};
/* End XCBuildConfiguration section */

/* Begin XCConfigurationList section */
		DD28591223786F2B008A8184 /* Build configuration list for PBXProject "CompanyDatabase" */ = {
			isa = XCConfigurationList;
			buildConfigurations = (
				DD28592923786F2D008A8184 /* Debug */,
				DD28592A23786F2D008A8184 /* Release */,
			);
			defaultConfigurationIsVisible = 0;
			defaultConfigurationName = Release;
		};
		DD28592B23786F2D008A8184 /* Build configuration list for PBXNativeTarget "CompanyDatabase" */ = {
			isa = XCConfigurationList;
			buildConfigurations = (
				DD28592C23786F2D008A8184 /* Debug */,
				DD28592D23786F2D008A8184 /* Release */,
			);
			defaultConfigurationIsVisible = 0;
			defaultConfigurationName = Release;
		};
/* End XCConfigurationList section */

/* Begin XCVersionGroup section */
		DD28593C237A0507008A8184 /* CompanyModel.xcdatamodeld */ = {
			isa = XCVersionGroup;
			children = (
				DD28593D237A0507008A8184 /* CompanyModel.xcdatamodel */,
			);
			currentVersion = DD28593D237A0507008A8184 /* CompanyModel.xcdatamodel */;
			path = CompanyModel.xcdatamodeld;
			sourceTree = "<group>";
			versionGroupType = wrapper.xcdatamodel;
		};
/* End XCVersionGroup section */
	};
	rootObject = DD28590F23786F2B008A8184 /* Project object */;
}
